// !$*UTF8*$!
{
	archiveVersion = 1;
	classes = {
	};
	objectVersion = 50;
	objects = {

/* Begin PBXBuildFile section */
		6770EC762628EBD200DE2F68 /* EntryTableViewCell.swift in Sources */ = {isa = PBXBuildFile; fileRef = 6770EC752628EBD200DE2F68 /* EntryTableViewCell.swift */; };
		678224C62628C861007D1F2F /* AppDelegate.swift in Sources */ = {isa = PBXBuildFile; fileRef = 678224C52628C861007D1F2F /* AppDelegate.swift */; };
		678224C82628C861007D1F2F /* SceneDelegate.swift in Sources */ = {isa = PBXBuildFile; fileRef = 678224C72628C861007D1F2F /* SceneDelegate.swift */; };
		678224CD2628C861007D1F2F /* Main.storyboard in Resources */ = {isa = PBXBuildFile; fileRef = 678224CB2628C861007D1F2F /* Main.storyboard */; };
		678224D02628C861007D1F2F /* DailyJournal.xcdatamodeld in Sources */ = {isa = PBXBuildFile; fileRef = 678224CE2628C861007D1F2F /* DailyJournal.xcdatamodeld */; };
		678224D22628C862007D1F2F /* Assets.xcassets in Resources */ = {isa = PBXBuildFile; fileRef = 678224D12628C862007D1F2F /* Assets.xcassets */; };
		678224D52628C862007D1F2F /* LaunchScreen.storyboard in Resources */ = {isa = PBXBuildFile; fileRef = 678224D32628C862007D1F2F /* LaunchScreen.storyboard */; };
		678224E42628CF5C007D1F2F /* EntriesTableViewController.swift in Sources */ = {isa = PBXBuildFile; fileRef = 678224E32628CF5C007D1F2F /* EntriesTableViewController.swift */; };
		678224E82628CF7E007D1F2F /* EntryViewController.swift in Sources */ = {isa = PBXBuildFile; fileRef = 678224E72628CF7E007D1F2F /* EntryViewController.swift */; };
		678224ED2628D526007D1F2F /* Entry+CoreDataClass.swift in Sources */ = {isa = PBXBuildFile; fileRef = 678224EB2628D526007D1F2F /* Entry+CoreDataClass.swift */; };
		678224EE2628D526007D1F2F /* Entry+CoreDataProperties.swift in Sources */ = {isa = PBXBuildFile; fileRef = 678224EC2628D526007D1F2F /* Entry+CoreDataProperties.swift */; };
/* End PBXBuildFile section */

/* Begin PBXFileReference section */
		6770EC752628EBD200DE2F68 /* EntryTableViewCell.swift */ = {isa = PBXFileReference; lastKnownFileType = sourcecode.swift; path = EntryTableViewCell.swift; sourceTree = "<group>"; };
		678224C22628C861007D1F2F /* DailyJournal.app */ = {isa = PBXFileReference; explicitFileType = wrapper.application; includeInIndex = 0; path = DailyJournal.app; sourceTree = BUILT_PRODUCTS_DIR; };
		678224C52628C861007D1F2F /* AppDelegate.swift */ = {isa = PBXFileReference; lastKnownFileType = sourcecode.swift; path = AppDelegate.swift; sourceTree = "<group>"; };
		678224C72628C861007D1F2F /* SceneDelegate.swift */ = {isa = PBXFileReference; lastKnownFileType = sourcecode.swift; path = SceneDelegate.swift; sourceTree = "<group>"; };
		678224CC2628C861007D1F2F /* Base */ = {isa = PBXFileReference; lastKnownFileType = file.storyboard; name = Base; path = Base.lproj/Main.storyboard; sourceTree = "<group>"; };
		678224CF2628C861007D1F2F /* DailyJournal.xcdatamodel */ = {isa = PBXFileReference; lastKnownFileType = wrapper.xcdatamodel; path = DailyJournal.xcdatamodel; sourceTree = "<group>"; };
		678224D12628C862007D1F2F /* Assets.xcassets */ = {isa = PBXFileReference; lastKnownFileType = folder.assetcatalog; path = Assets.xcassets; sourceTree = "<group>"; };
		678224D42628C862007D1F2F /* Base */ = {isa = PBXFileReference; lastKnownFileType = file.storyboard; name = Base; path = Base.lproj/LaunchScreen.storyboard; sourceTree = "<group>"; };
		678224D62628C862007D1F2F /* Info.plist */ = {isa = PBXFileReference; lastKnownFileType = text.plist.xml; path = Info.plist; sourceTree = "<group>"; };
		678224E32628CF5C007D1F2F /* EntriesTableViewController.swift */ = {isa = PBXFileReference; lastKnownFileType = sourcecode.swift; path = EntriesTableViewController.swift; sourceTree = "<group>"; };
		678224E72628CF7E007D1F2F /* EntryViewController.swift */ = {isa = PBXFileReference; lastKnownFileType = sourcecode.swift; path = EntryViewController.swift; sourceTree = "<group>"; };
		678224EB2628D526007D1F2F /* Entry+CoreDataClass.swift */ = {isa = PBXFileReference; lastKnownFileType = sourcecode.swift; path = "Entry+CoreDataClass.swift"; sourceTree = "<group>"; };
		678224EC2628D526007D1F2F /* Entry+CoreDataProperties.swift */ = {isa = PBXFileReference; lastKnownFileType = sourcecode.swift; path = "Entry+CoreDataProperties.swift"; sourceTree = "<group>"; };
/* End PBXFileReference section */

/* Begin PBXFrameworksBuildPhase section */
		678224BF2628C861007D1F2F /* Frameworks */ = {
			isa = PBXFrameworksBuildPhase;
			buildActionMask = 2147483647;
			files = (
			);
			runOnlyForDeploymentPostprocessing = 0;
		};
/* End PBXFrameworksBuildPhase section */

/* Begin PBXGroup section */
		678224B92628C861007D1F2F = {
			isa = PBXGroup;
			children = (
				678224C42628C861007D1F2F /* DailyJournal */,
				678224C32628C861007D1F2F /* Products */,
			);
			sourceTree = "<group>";
		};
		678224C32628C861007D1F2F /* Products */ = {
			isa = PBXGroup;
			children = (
				678224C22628C861007D1F2F /* DailyJournal.app */,
			);
			name = Products;
			sourceTree = "<group>";
		};
		678224C42628C861007D1F2F /* DailyJournal */ = {
			isa = PBXGroup;
			children = (
				678224C52628C861007D1F2F /* AppDelegate.swift */,
				678224C72628C861007D1F2F /* SceneDelegate.swift */,
				678224E32628CF5C007D1F2F /* EntriesTableViewController.swift */,
				6770EC752628EBD200DE2F68 /* EntryTableViewCell.swift */,
				678224E72628CF7E007D1F2F /* EntryViewController.swift */,
				678224EB2628D526007D1F2F /* Entry+CoreDataClass.swift */,
				678224EC2628D526007D1F2F /* Entry+CoreDataProperties.swift */,
				678224CB2628C861007D1F2F /* Main.storyboard */,
				678224D12628C862007D1F2F /* Assets.xcassets */,
				678224D32628C862007D1F2F /* LaunchScreen.storyboard */,
				678224D62628C862007D1F2F /* Info.plist */,
				678224CE2628C861007D1F2F /* DailyJournal.xcdatamodeld */,
			);
			path = DailyJournal;
			sourceTree = "<group>";
		};
/* End PBXGroup section */

/* Begin PBXNativeTarget section */
		678224C12628C861007D1F2F /* DailyJournal */ = {
			isa = PBXNativeTarget;
			buildConfigurationList = 678224D92628C862007D1F2F /* Build configuration list for PBXNativeTarget "DailyJournal" */;
			buildPhases = (
				678224BE2628C861007D1F2F /* Sources */,
				678224BF2628C861007D1F2F /* Frameworks */,
				678224C02628C861007D1F2F /* Resources */,
			);
			buildRules = (
			);
			dependencies = (
			);
			name = DailyJournal;
			productName = DailyJournal;
			productReference = 678224C22628C861007D1F2F /* DailyJournal.app */;
			productType = "com.apple.product-type.application";
		};
/* End PBXNativeTarget section */

/* Begin PBXProject section */
		678224BA2628C861007D1F2F /* Project object */ = {
			isa = PBXProject;
			attributes = {
				LastSwiftUpdateCheck = 1240;
				LastUpgradeCheck = 1240;
				TargetAttributes = {
					678224C12628C861007D1F2F = {
						CreatedOnToolsVersion = 12.4;
					};
				};
			};
			buildConfigurationList = 678224BD2628C861007D1F2F /* Build configuration list for PBXProject "DailyJournal" */;
			compatibilityVersion = "Xcode 9.3";
			developmentRegion = en;
			hasScannedForEncodings = 0;
			knownRegions = (
				en,
				Base,
			);
			mainGroup = 678224B92628C861007D1F2F;
			productRefGroup = 678224C32628C861007D1F2F /* Products */;
			projectDirPath = "";
			projectRoot = "";
			targets = (
				678224C12628C861007D1F2F /* DailyJournal */,
			);
		};
/* End PBXProject section */

/* Begin PBXResourcesBuildPhase section */
		678224C02628C861007D1F2F /* Resources */ = {
			isa = PBXResourcesBuildPhase;
			buildActionMask = 2147483647;
			files = (
				678224D52628C862007D1F2F /* LaunchScreen.storyboard in Resources */,
				678224D22628C862007D1F2F /* Assets.xcassets in Resources */,
				678224CD2628C861007D1F2F /* Main.storyboard in Resources */,
			);
			runOnlyForDeploymentPostprocessing = 0;
		};
/* End PBXResourcesBuildPhase section */

/* Begin PBXSourcesBuildPhase section */
		678224BE2628C861007D1F2F /* Sources */ = {
			isa = PBXSourcesBuildPhase;
			buildActionMask = 2147483647;
			files = (
				6770EC762628EBD200DE2F68 /* EntryTableViewCell.swift in Sources */,
				678224C62628C861007D1F2F /* AppDelegate.swift in Sources */,
				678224EE2628D526007D1F2F /* Entry+CoreDataProperties.swift in Sources */,
				678224C82628C861007D1F2F /* SceneDelegate.swift in Sources */,
				678224D02628C861007D1F2F /* DailyJournal.xcdatamodeld in Sources */,
				678224E42628CF5C007D1F2F /* EntriesTableViewController.swift in Sources */,
				678224ED2628D526007D1F2F /* Entry+CoreDataClass.swift in Sources */,
				678224E82628CF7E007D1F2F /* EntryViewController.swift in Sources */,
			);
			runOnlyForDeploymentPostprocessing = 0;
		};
/* End PBXSourcesBuildPhase section */

/* Begin PBXVariantGroup section */
		678224CB2628C861007D1F2F /* Main.storyboard */ = {
			isa = PBXVariantGroup;
			children = (
				678224CC2628C861007D1F2F /* Base */,
			);
			name = Main.storyboard;
			sourceTree = "<group>";
		};
		678224D32628C862007D1F2F /* LaunchScreen.storyboard */ = {
			isa = PBXVariantGroup;
			children = (
				678224D42628C862007D1F2F /* Base */,
			);
			name = LaunchScreen.storyboard;
			sourceTree = "<group>";
		};
/* End PBXVariantGroup section */

/* Begin XCBuildConfiguration section */
		678224D72628C862007D1F2F /* Debug */ = {
			isa = XCBuildConfiguration;
			buildSettings = {
				ALWAYS_SEARCH_USER_PATHS = NO;
				CLANG_ANALYZER_NONNULL = YES;
				CLANG_ANALYZER_NUMBER_OBJECT_CONVERSION = YES_AGGRESSIVE;
				CLANG_CXX_LANGUAGE_STANDARD = "gnu++14";
				CLANG_CXX_LIBRARY = "libc++";
				CLANG_ENABLE_MODULES = YES;
				CLANG_ENABLE_OBJC_ARC = YES;
				CLANG_ENABLE_OBJC_WEAK = YES;
				CLANG_WARN_BLOCK_CAPTURE_AUTORELEASING = YES;
				CLANG_WARN_BOOL_CONVERSION = YES;
				CLANG_WARN_COMMA = YES;
				CLANG_WARN_CONSTANT_CONVERSION = YES;
				CLANG_WARN_DEPRECATED_OBJC_IMPLEMENTATIONS = YES;
				CLANG_WARN_DIRECT_OBJC_ISA_USAGE = YES_ERROR;
				CLANG_WARN_DOCUMENTATION_COMMENTS = YES;
				CLANG_WARN_EMPTY_BODY = YES;
				CLANG_WARN_ENUM_CONVERSION = YES;
				CLANG_WARN_INFINITE_RECURSION = YES;
				CLANG_WARN_INT_CONVERSION = YES;
				CLANG_WARN_NON_LITERAL_NULL_CONVERSION = YES;
				CLANG_WARN_OBJC_IMPLICIT_RETAIN_SELF = YES;
				CLANG_WARN_OBJC_LITERAL_CONVERSION = YES;
				CLANG_WARN_OBJC_ROOT_CLASS = YES_ERROR;
				CLANG_WARN_QUOTED_INCLUDE_IN_FRAMEWORK_HEADER = YES;
				CLANG_WARN_RANGE_LOOP_ANALYSIS = YES;
				CLANG_WARN_STRICT_PROTOTYPES = YES;
				CLANG_WARN_SUSPICIOUS_MOVE = YES;
				CLANG_WARN_UNGUARDED_AVAILABILITY = YES_AGGRESSIVE;
				CLANG_WARN_UNREACHABLE_CODE = YES;
				CLANG_WARN__DUPLICATE_METHOD_MATCH = YES;
				COPY_PHASE_STRIP = NO;
				DEBUG_INFORMATION_FORMAT = dwarf;
				ENABLE_STRICT_OBJC_MSGSEND = YES;
				ENABLE_TESTABILITY = YES;
				GCC_C_LANGUAGE_STANDARD = gnu11;
				GCC_DYNAMIC_NO_PIC = NO;
				GCC_NO_COMMON_BLOCKS = YES;
				GCC_OPTIMIZATION_LEVEL = 0;
				GCC_PREPROCESSOR_DEFINITIONS = (
					"DEBUG=1",
					"$(inherited)",
				);
				GCC_WARN_64_TO_32_BIT_CONVERSION = YES;
				GCC_WARN_ABOUT_RETURN_TYPE = YES_ERROR;
				GCC_WARN_UNDECLARED_SELECTOR = YES;
				GCC_WARN_UNINITIALIZED_AUTOS = YES_AGGRESSIVE;
				GCC_WARN_UNUSED_FUNCTION = YES;
				GCC_WARN_UNUSED_VARIABLE = YES;
				IPHONEOS_DEPLOYMENT_TARGET = 14.4;
				MTL_ENABLE_DEBUG_INFO = INCLUDE_SOURCE;
				MTL_FAST_MATH = YES;
				ONLY_ACTIVE_ARCH = YES;
				SDKROOT = iphoneos;
				SWIFT_ACTIVE_COMPILATION_CONDITIONS = DEBUG;
				SWIFT_OPTIMIZATION_LEVEL = "-Onone";
			};
			name = Debug;
		};
		678224D82628C862007D1F2F /* Release */ = {
			isa = XCBuildConfiguration;
			buildSettings = {
				ALWAYS_SEARCH_USER_PATHS = NO;
				CLANG_ANALYZER_NONNULL = YES;
				CLANG_ANALYZER_NUMBER_OBJECT_CONVERSION = YES_AGGRESSIVE;
				CLANG_CXX_LANGUAGE_STANDARD = "gnu++14";
				CLANG_CXX_LIBRARY = "libc++";
				CLANG_ENABLE_MODULES = YES;
				CLANG_ENABLE_OBJC_ARC = YES;
				CLANG_ENABLE_OBJC_WEAK = YES;
				CLANG_WARN_BLOCK_CAPTURE_AUTORELEASING = YES;
				CLANG_WARN_BOOL_CONVERSION = YES;
				CLANG_WARN_COMMA = YES;
				CLANG_WARN_CONSTANT_CONVERSION = YES;
				CLANG_WARN_DEPRECATED_OBJC_IMPLEMENTATIONS = YES;
				CLANG_WARN_DIRECT_OBJC_ISA_USAGE = YES_ERROR;
				CLANG_WARN_DOCUMENTATION_COMMENTS = YES;
				CLANG_WARN_EMPTY_BODY = YES;
				CLANG_WARN_ENUM_CONVERSION = YES;
				CLANG_WARN_INFINITE_RECURSION = YES;
				CLANG_WARN_INT_CONVERSION = YES;
				CLANG_WARN_NON_LITERAL_NULL_CONVERSION = YES;
				CLANG_WARN_OBJC_IMPLICIT_RETAIN_SELF = YES;
				CLANG_WARN_OBJC_LITERAL_CONVERSION = YES;
				CLANG_WARN_OBJC_ROOT_CLASS = YES_ERROR;
				CLANG_WARN_QUOTED_INCLUDE_IN_FRAMEWORK_HEADER = YES;
				CLANG_WARN_RANGE_LOOP_ANALYSIS = YES;
				CLANG_WARN_STRICT_PROTOTYPES = YES;
				CLANG_WARN_SUSPICIOUS_MOVE = YES;
				CLANG_WARN_UNGUARDED_AVAILABILITY = YES_AGGRESSIVE;
				CLANG_WARN_UNREACHABLE_CODE = YES;
				CLANG_WARN__DUPLICATE_METHOD_MATCH = YES;
				COPY_PHASE_STRIP = NO;
				DEBUG_INFORMATION_FORMAT = "dwarf-with-dsym";
				ENABLE_NS_ASSERTIONS = NO;
				ENABLE_STRICT_OBJC_MSGSEND = YES;
				GCC_C_LANGUAGE_STANDARD = gnu11;
				GCC_NO_COMMON_BLOCKS = YES;
				GCC_WARN_64_TO_32_BIT_CONVERSION = YES;
				GCC_WARN_ABOUT_RETURN_TYPE = YES_ERROR;
				GCC_WARN_UNDECLARED_SELECTOR = YES;
				GCC_WARN_UNINITIALIZED_AUTOS = YES_AGGRESSIVE;
				GCC_WARN_UNUSED_FUNCTION = YES;
				GCC_WARN_UNUSED_VARIABLE = YES;
				IPHONEOS_DEPLOYMENT_TARGET = 14.4;
				MTL_ENABLE_DEBUG_INFO = NO;
				MTL_FAST_MATH = YES;
				SDKROOT = iphoneos;
				SWIFT_COMPILATION_MODE = wholemodule;
				SWIFT_OPTIMIZATION_LEVEL = "-O";
				VALIDATE_PRODUCT = YES;
			};
			name = Release;
		};
		678224DA2628C862007D1F2F /* Debug */ = {
			isa = XCBuildConfiguration;
			buildSettings = {
				ASSETCATALOG_COMPILER_APPICON_NAME = AppIcon;
				ASSETCATALOG_COMPILER_GLOBAL_ACCENT_COLOR_NAME = AccentColor;
				CODE_SIGN_STYLE = Automatic;
				DEVELOPMENT_TEAM = H5Z9G33HZA;
				INFOPLIST_FILE = DailyJournal/Info.plist;
				LD_RUNPATH_SEARCH_PATHS = (
					"$(inherited)",
					"@executable_path/Frameworks",
				);
				PRODUCT_BUNDLE_IDENTIFIER = com.anilcan.DailyJournal;
				PRODUCT_NAME = "$(TARGET_NAME)";
				SWIFT_VERSION = 5.0;
				TARGETED_DEVICE_FAMILY = 1;
			};
			name = Debug;
		};
		678224DB2628C862007D1F2F /* Release */ = {
			isa = XCBuildConfiguration;
			buildSettings = {
				ASSETCATALOG_COMPILER_APPICON_NAME = AppIcon;
				ASSETCATALOG_COMPILER_GLOBAL_ACCENT_COLOR_NAME = AccentColor;
				CODE_SIGN_STYLE = Automatic;
				DEVELOPMENT_TEAM = H5Z9G33HZA;
				INFOPLIST_FILE = DailyJournal/Info.plist;
				LD_RUNPATH_SEARCH_PATHS = (
					"$(inherited)",
					"@executable_path/Frameworks",
				);
				PRODUCT_BUNDLE_IDENTIFIER = com.anilcan.DailyJournal;
				PRODUCT_NAME = "$(TARGET_NAME)";
				SWIFT_VERSION = 5.0;
				TARGETED_DEVICE_FAMILY = 1;
			};
			name = Release;
		};
/* End XCBuildConfiguration section */

/* Begin XCConfigurationList section */
		678224BD2628C861007D1F2F /* Build configuration list for PBXProject "DailyJournal" */ = {
			isa = XCConfigurationList;
			buildConfigurations = (
				678224D72628C862007D1F2F /* Debug */,
				678224D82628C862007D1F2F /* Release */,
			);
			defaultConfigurationIsVisible = 0;
			defaultConfigurationName = Release;
		};
		678224D92628C862007D1F2F /* Build configuration list for PBXNativeTarget "DailyJournal" */ = {
			isa = XCConfigurationList;
			buildConfigurations = (
				678224DA2628C862007D1F2F /* Debug */,
				678224DB2628C862007D1F2F /* Release */,
			);
			defaultConfigurationIsVisible = 0;
			defaultConfigurationName = Release;
		};
/* End XCConfigurationList section */

/* Begin XCVersionGroup section */
		678224CE2628C861007D1F2F /* DailyJournal.xcdatamodeld */ = {
			isa = XCVersionGroup;
			children = (
				678224CF2628C861007D1F2F /* DailyJournal.xcdatamodel */,
			);
			currentVersion = 678224CF2628C861007D1F2F /* DailyJournal.xcdatamodel */;
			path = DailyJournal.xcdatamodeld;
			sourceTree = "<group>";
			versionGroupType = wrapper.xcdatamodel;
		};
/* End XCVersionGroup section */
	};
	rootObject = 678224BA2628C861007D1F2F /* Project object */;
}
